
Microsoft Visual Studio Solution File, Format Version 12.00
# Visual Studio Version 17
VisualStudioVersion = 17.7.34031.279
MinimumVisualStudioVersion = 10.0.40219.1
Project("{FAE04EC0-301F-11D3-BF4B-00C04F79EFBC}") = "Otopark Algoritması", "Otopark Algoritması.csproj", "{B79ED9D7-9B64-4EBC-8632-F8C8AC03BE47}"
EndProject
Global
	GlobalSection(SolutionConfigurationPlatforms) = preSolution
		Debug|Any CPU = Debug|Any CPU
		Release|Any CPU = Release|Any CPU
	EndGlobalSection
	GlobalSection(ProjectConfigurationPlatforms) = postSolution
		{B79ED9D7-9B64-4EBC-8632-F8C8AC03BE47}.Debug|Any CPU.ActiveCfg = Debug|Any CPU
		{B79ED9D7-9B64-4EBC-8632-F8C8AC03BE47}.Debug|Any CPU.Build.0 = Debug|Any CPU
		{B79ED9D7-9B64-4EBC-8632-F8C8AC03BE47}.Release|Any CPU.ActiveCfg = Release|Any CPU
		{B79ED9D7-9B64-4EBC-8632-F8C8AC03BE47}.Release|Any CPU.Build.0 = Release|Any CPU
	EndGlobalSection
	GlobalSection(SolutionProperties) = preSolution
		HideSolutionNode = FALSE
	EndGlobalSection
	GlobalSection(ExtensibilityGlobals) = postSolution
		SolutionGuid = {09EAD167-5377-4E67-A15A-750B1298BDF9}
	EndGlobalSection
EndGlobal
